
Microsoft Visual Studio Solution File, Format Version 12.00
# Visual Studio Version 17
VisualStudioVersion = 17.8.34525.116
MinimumVisualStudioVersion = 10.0.40219.1
Project("{FAE04EC0-301F-11D3-BF4B-00C04F79EFBC}") = "KeremCvTemplate.Mvc", "KeremCvTemplate.Mvc\KeremCvTemplate.Mvc.csproj", "{FA49ABD3-28A1-49FF-9750-B66304D2D29B}"
EndProject
Project("{FAE04EC0-301F-11D3-BF4B-00C04F79EFBC}") = "KeremCvTemplate.Entites", "KeremCvTemplate.Entites\KeremCvTemplate.Entites.csproj", "{FEEF2FD1-7775-4869-A7B5-4DBD2BB0464C}"
EndProject
Project("{FAE04EC0-301F-11D3-BF4B-00C04F79EFBC}") = "KeremCvTemplate.Shared", "KeremCvTemplate.Shared\KeremCvTemplate.Shared.csproj", "{4F53A88B-FBBE-40BD-B3AB-F0CEF48C1AFF}"
EndProject
Project("{FAE04EC0-301F-11D3-BF4B-00C04F79EFBC}") = "KeremCvTemplate.service", "KeremCvTemplate.service\KeremCvTemplate.service.csproj", "{D4482E5A-8A78-4143-85F7-32BE5B3F1C0E}"
EndProject
Project("{FAE04EC0-301F-11D3-BF4B-00C04F79EFBC}") = "KeremCvTemplate.Data", "KeremCvTemplate.Data\KeremCvTemplate.Data.csproj", "{3FC0AF83-6F8D-44A0-97B6-76DDBEAED9B6}"
EndProject
Global
	GlobalSection(SolutionConfigurationPlatforms) = preSolution
		Debug|Any CPU = Debug|Any CPU
		Release|Any CPU = Release|Any CPU
	EndGlobalSection
	GlobalSection(ProjectConfigurationPlatforms) = postSolution
		{FA49ABD3-28A1-49FF-9750-B66304D2D29B}.Debug|Any CPU.ActiveCfg = Debug|Any CPU
		{FA49ABD3-28A1-49FF-9750-B66304D2D29B}.Debug|Any CPU.Build.0 = Debug|Any CPU
		{FA49ABD3-28A1-49FF-9750-B66304D2D29B}.Release|Any CPU.ActiveCfg = Release|Any CPU
		{FA49ABD3-28A1-49FF-9750-B66304D2D29B}.Release|Any CPU.Build.0 = Release|Any CPU
		{FEEF2FD1-7775-4869-A7B5-4DBD2BB0464C}.Debug|Any CPU.ActiveCfg = Debug|Any CPU
		{FEEF2FD1-7775-4869-A7B5-4DBD2BB0464C}.Debug|Any CPU.Build.0 = Debug|Any CPU
		{FEEF2FD1-7775-4869-A7B5-4DBD2BB0464C}.Release|Any CPU.ActiveCfg = Release|Any CPU
		{FEEF2FD1-7775-4869-A7B5-4DBD2BB0464C}.Release|Any CPU.Build.0 = Release|Any CPU
		{4F53A88B-FBBE-40BD-B3AB-F0CEF48C1AFF}.Debug|Any CPU.ActiveCfg = Debug|Any CPU
		{4F53A88B-FBBE-40BD-B3AB-F0CEF48C1AFF}.Debug|Any CPU.Build.0 = Debug|Any CPU
		{4F53A88B-FBBE-40BD-B3AB-F0CEF48C1AFF}.Release|Any CPU.ActiveCfg = Release|Any CPU
		{4F53A88B-FBBE-40BD-B3AB-F0CEF48C1AFF}.Release|Any CPU.Build.0 = Release|Any CPU
		{D4482E5A-8A78-4143-85F7-32BE5B3F1C0E}.Debug|Any CPU.ActiveCfg = Debug|Any CPU
		{D4482E5A-8A78-4143-85F7-32BE5B3F1C0E}.Debug|Any CPU.Build.0 = Debug|Any CPU
		{D4482E5A-8A78-4143-85F7-32BE5B3F1C0E}.Release|Any CPU.ActiveCfg = Release|Any CPU
		{D4482E5A-8A78-4143-85F7-32BE5B3F1C0E}.Release|Any CPU.Build.0 = Release|Any CPU
		{3FC0AF83-6F8D-44A0-97B6-76DDBEAED9B6}.Debug|Any CPU.ActiveCfg = Debug|Any CPU
		{3FC0AF83-6F8D-44A0-97B6-76DDBEAED9B6}.Debug|Any CPU.Build.0 = Debug|Any CPU
		{3FC0AF83-6F8D-44A0-97B6-76DDBEAED9B6}.Release|Any CPU.ActiveCfg = Release|Any CPU
		{3FC0AF83-6F8D-44A0-97B6-76DDBEAED9B6}.Release|Any CPU.Build.0 = Release|Any CPU
	EndGlobalSection
	GlobalSection(SolutionProperties) = preSolution
		HideSolutionNode = FALSE
	EndGlobalSection
	GlobalSection(ExtensibilityGlobals) = postSolution
		SolutionGuid = {B33D1C59-8561-41DB-9FB4-8DA7BAF2A206}
	EndGlobalSection
EndGlobal
